
Microsoft Visual Studio Solution File, Format Version 12.00
# Visual Studio Version 17
VisualStudioVersion = 17.9.34616.47
MinimumVisualStudioVersion = 10.0.40219.1
Project("{FAE04EC0-301F-11D3-BF4B-00C04F79EFBC}") = "Northwind", "Northwind\Northwind.csproj", "{DBD4D861-06DC-4CFB-BDFA-24C5FC5A2D0E}"
EndProject
Project("{FAE04EC0-301F-11D3-BF4B-00C04F79EFBC}") = "NorthwindAPI", "NorthwindAPI\NorthwindAPI.csproj", "{30F03249-6A34-4994-A6B8-9BA1F2C55A0D}"
EndProject
Global
	GlobalSection(SolutionConfigurationPlatforms) = preSolution
		Debug|Any CPU = Debug|Any CPU
		Release|Any CPU = Release|Any CPU
	EndGlobalSection
	GlobalSection(ProjectConfigurationPlatforms) = postSolution
		{DBD4D861-06DC-4CFB-BDFA-24C5FC5A2D0E}.Debug|Any CPU.ActiveCfg = Debug|Any CPU
		{DBD4D861-06DC-4CFB-BDFA-24C5FC5A2D0E}.Debug|Any CPU.Build.0 = Debug|Any CPU
		{DBD4D861-06DC-4CFB-BDFA-24C5FC5A2D0E}.Release|Any CPU.ActiveCfg = Release|Any CPU
		{DBD4D861-06DC-4CFB-BDFA-24C5FC5A2D0E}.Release|Any CPU.Build.0 = Release|Any CPU
		{30F03249-6A34-4994-A6B8-9BA1F2C55A0D}.Debug|Any CPU.ActiveCfg = Debug|Any CPU
		{30F03249-6A34-4994-A6B8-9BA1F2C55A0D}.Debug|Any CPU.Build.0 = Debug|Any CPU
		{30F03249-6A34-4994-A6B8-9BA1F2C55A0D}.Release|Any CPU.ActiveCfg = Release|Any CPU
		{30F03249-6A34-4994-A6B8-9BA1F2C55A0D}.Release|Any CPU.Build.0 = Release|Any CPU
	EndGlobalSection
	GlobalSection(SolutionProperties) = preSolution
		HideSolutionNode = FALSE
	EndGlobalSection
	GlobalSection(ExtensibilityGlobals) = postSolution
		SolutionGuid = {296C5C58-0E50-486C-9C0F-28D698DAE822}
	EndGlobalSection
EndGlobal
